// !$*UTF8*$!
{
	archiveVersion = 1;
	classes = {
	};
	objectVersion = 46;
	objects = {

/* Begin PBXBuildFile section */
		5357C21813F27B4400E16537 /* GRGraffitiGestureRecognizer.h in Headers */ = {isa = PBXBuildFile; fileRef = 5357C21613F27B4400E16537 /* GRGraffitiGestureRecognizer.h */; };
		5357C21B13F27B5800E16537 /* UIKit.framework in Frameworks */ = {isa = PBXBuildFile; fileRef = 5357C21A13F27B5800E16537 /* UIKit.framework */; };
		5357C27713F27E0B00E16537 /* GRGraffitiGestureRecognizer.mm in Sources */ = {isa = PBXBuildFile; fileRef = 5357C27613F27E0B00E16537 /* GRGraffitiGestureRecognizer.mm */; };
		5357C28613F280A100E16537 /* RGGraffitiRecognizerState.h in Headers */ = {isa = PBXBuildFile; fileRef = 5357C28413F280A100E16537 /* RGGraffitiRecognizerState.h */; };
		5357C28913F2812100E16537 /* GRTypes.h in Headers */ = {isa = PBXBuildFile; fileRef = 5357C28813F2812100E16537 /* GRTypes.h */; };
		5390617D13F28D5100BF0469 /* GRImageRecognizersFactory.h in Headers */ = {isa = PBXBuildFile; fileRef = 5390617B13F28D5100BF0469 /* GRImageRecognizersFactory.h */; };
		5390617E13F28D5100BF0469 /* GRImageRecognizersFactory.m in Sources */ = {isa = PBXBuildFile; fileRef = 5390617C13F28D5100BF0469 /* GRImageRecognizersFactory.m */; };
		5390618213F28D9600BF0469 /* GRImageRecognizer.h in Headers */ = {isa = PBXBuildFile; fileRef = 5390618013F28D9600BF0469 /* GRImageRecognizer.h */; };
		5390618313F28D9600BF0469 /* GRImageRecognizer.m in Sources */ = {isa = PBXBuildFile; fileRef = 5390618113F28D9600BF0469 /* GRImageRecognizer.m */; };
		5390619813F28EDD00BF0469 /* GRGraffitiAlphabets.h in Headers */ = {isa = PBXBuildFile; fileRef = 5390619613F28EDD00BF0469 /* GRGraffitiAlphabets.h */; };
		5390620313F2981700BF0469 /* GRPointsDumper.h in Headers */ = {isa = PBXBuildFile; fileRef = 5390620113F2981700BF0469 /* GRPointsDumper.h */; };
		5390620413F2981700BF0469 /* GRPointsDumper.m in Sources */ = {isa = PBXBuildFile; fileRef = 5390620213F2981700BF0469 /* GRPointsDumper.m */; };
		AA747D9F0F9514B9006C5449 /* GraffitiRecognizers_Prefix.pch in Headers */ = {isa = PBXBuildFile; fileRef = AA747D9E0F9514B9006C5449 /* GraffitiRecognizers_Prefix.pch */; };
		AACBBE4A0F95108600F1A2B1 /* Foundation.framework in Frameworks */ = {isa = PBXBuildFile; fileRef = AACBBE490F95108600F1A2B1 /* Foundation.framework */; };
/* End PBXBuildFile section */

/* Begin PBXFileReference section */
		5357C21613F27B4400E16537 /* GRGraffitiGestureRecognizer.h */ = {isa = PBXFileReference; fileEncoding = 4; lastKnownFileType = sourcecode.c.h; path = GRGraffitiGestureRecognizer.h; sourceTree = "<group>"; };
		5357C21A13F27B5800E16537 /* UIKit.framework */ = {isa = PBXFileReference; lastKnownFileType = wrapper.framework; name = UIKit.framework; path = System/Library/Frameworks/UIKit.framework; sourceTree = SDKROOT; };
		5357C27613F27E0B00E16537 /* GRGraffitiGestureRecognizer.mm */ = {isa = PBXFileReference; fileEncoding = 4; lastKnownFileType = sourcecode.cpp.objcpp; path = GRGraffitiGestureRecognizer.mm; sourceTree = "<group>"; };
		5357C28413F280A100E16537 /* RGGraffitiRecognizerState.h */ = {isa = PBXFileReference; fileEncoding = 4; lastKnownFileType = sourcecode.c.h; path = RGGraffitiRecognizerState.h; sourceTree = "<group>"; };
		5357C28813F2812100E16537 /* GRTypes.h */ = {isa = PBXFileReference; fileEncoding = 4; lastKnownFileType = sourcecode.c.h; path = GRTypes.h; sourceTree = "<group>"; };
		5390617B13F28D5100BF0469 /* GRImageRecognizersFactory.h */ = {isa = PBXFileReference; fileEncoding = 4; lastKnownFileType = sourcecode.c.h; path = GRImageRecognizersFactory.h; sourceTree = "<group>"; };
		5390617C13F28D5100BF0469 /* GRImageRecognizersFactory.m */ = {isa = PBXFileReference; fileEncoding = 4; lastKnownFileType = sourcecode.c.objc; path = GRImageRecognizersFactory.m; sourceTree = "<group>"; };
		5390618013F28D9600BF0469 /* GRImageRecognizer.h */ = {isa = PBXFileReference; fileEncoding = 4; lastKnownFileType = sourcecode.c.h; path = GRImageRecognizer.h; sourceTree = "<group>"; };
		5390618113F28D9600BF0469 /* GRImageRecognizer.m */ = {isa = PBXFileReference; fileEncoding = 4; lastKnownFileType = sourcecode.c.objc; path = GRImageRecognizer.m; sourceTree = "<group>"; };
		5390619613F28EDD00BF0469 /* GRGraffitiAlphabets.h */ = {isa = PBXFileReference; fileEncoding = 4; lastKnownFileType = sourcecode.c.h; path = GRGraffitiAlphabets.h; sourceTree = "<group>"; };
		5390620113F2981700BF0469 /* GRPointsDumper.h */ = {isa = PBXFileReference; fileEncoding = 4; lastKnownFileType = sourcecode.c.h; path = GRPointsDumper.h; sourceTree = "<group>"; };
		5390620213F2981700BF0469 /* GRPointsDumper.m */ = {isa = PBXFileReference; fileEncoding = 4; lastKnownFileType = sourcecode.c.objc; path = GRPointsDumper.m; sourceTree = "<group>"; };
		AA747D9E0F9514B9006C5449 /* GraffitiRecognizers_Prefix.pch */ = {isa = PBXFileReference; fileEncoding = 4; lastKnownFileType = sourcecode.c.h; path = GraffitiRecognizers_Prefix.pch; sourceTree = SOURCE_ROOT; };
		AACBBE490F95108600F1A2B1 /* Foundation.framework */ = {isa = PBXFileReference; lastKnownFileType = wrapper.framework; name = Foundation.framework; path = System/Library/Frameworks/Foundation.framework; sourceTree = SDKROOT; };
		D2AAC07E0554694100DB518D /* libGraffitiRecognizers.a */ = {isa = PBXFileReference; explicitFileType = archive.ar; includeInIndex = 0; path = libGraffitiRecognizers.a; sourceTree = BUILT_PRODUCTS_DIR; };
/* End PBXFileReference section */

/* Begin PBXFrameworksBuildPhase section */
		D2AAC07C0554694100DB518D /* Frameworks */ = {
			isa = PBXFrameworksBuildPhase;
			buildActionMask = 2147483647;
			files = (
				AACBBE4A0F95108600F1A2B1 /* Foundation.framework in Frameworks */,
				5357C21B13F27B5800E16537 /* UIKit.framework in Frameworks */,
			);
			runOnlyForDeploymentPostprocessing = 0;
		};
/* End PBXFrameworksBuildPhase section */

/* Begin PBXGroup section */
		034768DFFF38A50411DB9C8B /* Products */ = {
			isa = PBXGroup;
			children = (
				D2AAC07E0554694100DB518D /* libGraffitiRecognizers.a */,
			);
			name = Products;
			sourceTree = "<group>";
		};
		0867D691FE84028FC02AAC07 /* GraffitiRecognizers */ = {
			isa = PBXGroup;
			children = (
				5357C21413F27AB900E16537 /* GraffitiRecognizers */,
				5357C21513F27AB900E16537 /* src */,
				32C88DFF0371C24200C91783 /* Other Sources */,
				0867D69AFE84028FC02AAC07 /* Frameworks */,
				034768DFFF38A50411DB9C8B /* Products */,
			);
			name = GraffitiRecognizers;
			sourceTree = "<group>";
		};
		0867D69AFE84028FC02AAC07 /* Frameworks */ = {
			isa = PBXGroup;
			children = (
				AACBBE490F95108600F1A2B1 /* Foundation.framework */,
				5357C21A13F27B5800E16537 /* UIKit.framework */,
			);
			name = Frameworks;
			sourceTree = "<group>";
		};
		32C88DFF0371C24200C91783 /* Other Sources */ = {
			isa = PBXGroup;
			children = (
				AA747D9E0F9514B9006C5449 /* GraffitiRecognizers_Prefix.pch */,
			);
			name = "Other Sources";
			sourceTree = "<group>";
		};
		5357C21413F27AB900E16537 /* GraffitiRecognizers */ = {
			isa = PBXGroup;
			children = (
				5357C21613F27B4400E16537 /* GRGraffitiGestureRecognizer.h */,
				5357C28813F2812100E16537 /* GRTypes.h */,
				5390619613F28EDD00BF0469 /* GRGraffitiAlphabets.h */,
			);
			path = GraffitiRecognizers;
			sourceTree = "<group>";
		};
		5357C21513F27AB900E16537 /* src */ = {
			isa = PBXGroup;
			children = (
				539061ED13F292EF00BF0469 /* language-english */,
				539061EE13F292EF00BF0469 /* numbers-arabic */,
				5390620013F2966F00BF0469 /* utils */,
				5357C27613F27E0B00E16537 /* GRGraffitiGestureRecognizer.mm */,
				5357C28413F280A100E16537 /* RGGraffitiRecognizerState.h */,
				5390618013F28D9600BF0469 /* GRImageRecognizer.h */,
				5390618113F28D9600BF0469 /* GRImageRecognizer.m */,
				5390617B13F28D5100BF0469 /* GRImageRecognizersFactory.h */,
				5390617C13F28D5100BF0469 /* GRImageRecognizersFactory.m */,
			);
			path = src;
			sourceTree = "<group>";
		};
		539061ED13F292EF00BF0469 /* language-english */ = {
			isa = PBXGroup;
			children = (
			);
			path = "language-english";
			sourceTree = "<group>";
		};
		539061EE13F292EF00BF0469 /* numbers-arabic */ = {
			isa = PBXGroup;
			children = (
			);
			path = "numbers-arabic";
			sourceTree = "<group>";
		};
		5390620013F2966F00BF0469 /* utils */ = {
			isa = PBXGroup;
			children = (
				5390620113F2981700BF0469 /* GRPointsDumper.h */,
				5390620213F2981700BF0469 /* GRPointsDumper.m */,
			);
			path = utils;
			sourceTree = "<group>";
		};
/* End PBXGroup section */

/* Begin PBXHeadersBuildPhase section */
		D2AAC07A0554694100DB518D /* Headers */ = {
			isa = PBXHeadersBuildPhase;
			buildActionMask = 2147483647;
			files = (
				AA747D9F0F9514B9006C5449 /* GraffitiRecognizers_Prefix.pch in Headers */,
				5357C21813F27B4400E16537 /* GRGraffitiGestureRecognizer.h in Headers */,
				5357C28613F280A100E16537 /* RGGraffitiRecognizerState.h in Headers */,
				5357C28913F2812100E16537 /* GRTypes.h in Headers */,
				5390617D13F28D5100BF0469 /* GRImageRecognizersFactory.h in Headers */,
				5390618213F28D9600BF0469 /* GRImageRecognizer.h in Headers */,
				5390619813F28EDD00BF0469 /* GRGraffitiAlphabets.h in Headers */,
				5390620313F2981700BF0469 /* GRPointsDumper.h in Headers */,
			);
			runOnlyForDeploymentPostprocessing = 0;
		};
/* End PBXHeadersBuildPhase section */

/* Begin PBXNativeTarget section */
		D2AAC07D0554694100DB518D /* GraffitiRecognizers */ = {
			isa = PBXNativeTarget;
			buildConfigurationList = 1DEB921E08733DC00010E9CD /* Build configuration list for PBXNativeTarget "GraffitiRecognizers" */;
			buildPhases = (
				D2AAC07A0554694100DB518D /* Headers */,
				D2AAC07B0554694100DB518D /* Sources */,
				D2AAC07C0554694100DB518D /* Frameworks */,
			);
			buildRules = (
			);
			dependencies = (
			);
			name = GraffitiRecognizers;
			productName = GraffitiRecognizers;
			productReference = D2AAC07E0554694100DB518D /* libGraffitiRecognizers.a */;
			productType = "com.apple.product-type.library.static";
		};
/* End PBXNativeTarget section */

/* Begin PBXProject section */
		0867D690FE84028FC02AAC07 /* Project object */ = {
			isa = PBXProject;
			buildConfigurationList = 1DEB922208733DC00010E9CD /* Build configuration list for PBXProject "GraffitiRecognizers" */;
			compatibilityVersion = "Xcode 3.2";
			developmentRegion = English;
			hasScannedForEncodings = 1;
			knownRegions = (
				English,
				Japanese,
				French,
				German,
			);
			mainGroup = 0867D691FE84028FC02AAC07 /* GraffitiRecognizers */;
			productRefGroup = 034768DFFF38A50411DB9C8B /* Products */;
			projectDirPath = "";
			projectRoot = "";
			targets = (
				D2AAC07D0554694100DB518D /* GraffitiRecognizers */,
			);
		};
/* End PBXProject section */

/* Begin PBXSourcesBuildPhase section */
		D2AAC07B0554694100DB518D /* Sources */ = {
			isa = PBXSourcesBuildPhase;
			buildActionMask = 2147483647;
			files = (
				5357C27713F27E0B00E16537 /* GRGraffitiGestureRecognizer.mm in Sources */,
				5390617E13F28D5100BF0469 /* GRImageRecognizersFactory.m in Sources */,
				5390618313F28D9600BF0469 /* GRImageRecognizer.m in Sources */,
				5390620413F2981700BF0469 /* GRPointsDumper.m in Sources */,
			);
			runOnlyForDeploymentPostprocessing = 0;
		};
/* End PBXSourcesBuildPhase section */

/* Begin XCBuildConfiguration section */
		1DEB921F08733DC00010E9CD /* Debug */ = {
			isa = XCBuildConfiguration;
			buildSettings = {
				ALWAYS_SEARCH_USER_PATHS = NO;
				ARCHS = "$(ARCHS_STANDARD_32_BIT)";
				COPY_PHASE_STRIP = NO;
				DSTROOT = /tmp/GraffitiRecognizers.dst;
				GCC_DYNAMIC_NO_PIC = NO;
				GCC_ENABLE_FIX_AND_CONTINUE = YES;
				GCC_MODEL_TUNING = G5;
				GCC_OPTIMIZATION_LEVEL = 0;
				GCC_PRECOMPILE_PREFIX_HEADER = YES;
				GCC_PREFIX_HEADER = GraffitiRecognizers_Prefix.pch;
				INSTALL_PATH = /usr/local/lib;
				PRODUCT_NAME = GraffitiRecognizers;
			};
			name = Debug;
		};
		1DEB922008733DC00010E9CD /* Release */ = {
			isa = XCBuildConfiguration;
			buildSettings = {
				ALWAYS_SEARCH_USER_PATHS = NO;
				ARCHS = "$(ARCHS_STANDARD_32_BIT)";
				DSTROOT = /tmp/GraffitiRecognizers.dst;
				GCC_MODEL_TUNING = G5;
				GCC_PRECOMPILE_PREFIX_HEADER = YES;
				GCC_PREFIX_HEADER = GraffitiRecognizers_Prefix.pch;
				INSTALL_PATH = /usr/local/lib;
				PRODUCT_NAME = GraffitiRecognizers;
			};
			name = Release;
		};
		1DEB922308733DC00010E9CD /* Debug */ = {
			isa = XCBuildConfiguration;
			buildSettings = {
				ARCHS = "$(ARCHS_STANDARD_32_BIT)";
				GCC_C_LANGUAGE_STANDARD = gnu99;
				GCC_OPTIMIZATION_LEVEL = 0;
				GCC_PRECOMPILE_PREFIX_HEADER = YES;
				GCC_VERSION = com.apple.compilers.llvmgcc42;
				GCC_WARN_ABOUT_RETURN_TYPE = YES;
				GCC_WARN_UNUSED_VARIABLE = YES;
				HEADER_SEARCH_PATHS = "./**";
				IPHONEOS_DEPLOYMENT_TARGET = 4.0;
				OTHER_LDFLAGS = (
					"-all_load",
					"-ObjC",
				);
				PREBINDING = NO;
				SDKROOT = iphoneos;
				USER_HEADER_SEARCH_PATHS = "./**";
			};
			name = Debug;
		};
		1DEB922408733DC00010E9CD /* Release */ = {
			isa = XCBuildConfiguration;
			buildSettings = {
				ARCHS = "$(ARCHS_STANDARD_32_BIT)";
				GCC_C_LANGUAGE_STANDARD = gnu99;
				GCC_PRECOMPILE_PREFIX_HEADER = YES;
				GCC_VERSION = com.apple.compilers.llvmgcc42;
				GCC_WARN_ABOUT_RETURN_TYPE = YES;
				GCC_WARN_UNUSED_VARIABLE = YES;
				HEADER_SEARCH_PATHS = "./**";
				IPHONEOS_DEPLOYMENT_TARGET = 4.0;
				OTHER_LDFLAGS = (
					"-all_load",
					"-ObjC",
				);
				PREBINDING = NO;
				SDKROOT = iphoneos;
				USER_HEADER_SEARCH_PATHS = "./**";
			};
			name = Release;
		};
/* End XCBuildConfiguration section */

/* Begin XCConfigurationList section */
		1DEB921E08733DC00010E9CD /* Build configuration list for PBXNativeTarget "GraffitiRecognizers" */ = {
			isa = XCConfigurationList;
			buildConfigurations = (
				1DEB921F08733DC00010E9CD /* Debug */,
				1DEB922008733DC00010E9CD /* Release */,
			);
			defaultConfigurationIsVisible = 0;
			defaultConfigurationName = Release;
		};
		1DEB922208733DC00010E9CD /* Build configuration list for PBXProject "GraffitiRecognizers" */ = {
			isa = XCConfigurationList;
			buildConfigurations = (
				1DEB922308733DC00010E9CD /* Debug */,
				1DEB922408733DC00010E9CD /* Release */,
			);
			defaultConfigurationIsVisible = 0;
			defaultConfigurationName = Release;
		};
/* End XCConfigurationList section */
	};
	rootObject = 0867D690FE84028FC02AAC07 /* Project object */;
}
